
Microsoft Visual Studio Solution File, Format Version 12.00
# Visual Studio Version 17
VisualStudioVersion = 17.10.35027.167
MinimumVisualStudioVersion = 10.0.40219.1
Project("{9A19103F-16F7-4668-BE54-9A1E7A4F7556}") = "LeaveManagementSystem.web", "LeaveManagementSystem.web\LeaveManagementSystem.web.csproj", "{62C2418A-FD61-4F3F-8B51-1051658B6D7F}"
EndProject
Project("{FAE04EC0-301F-11D3-BF4B-00C04F79EFBC}") = "LeaveManagementSystem.Common", "LeaveManagementSystem.Common\LeaveManagementSystem.Common.csproj", "{67292825-F3CF-4198-8163-AC9A7218104E}"
EndProject
Project("{FAE04EC0-301F-11D3-BF4B-00C04F79EFBC}") = "LeaveManagementSystem.Data", "LeaveManagementSystem.Data\LeaveManagementSystem.Data.csproj", "{174F9B66-A9D4-4533-A159-4D8AF5D50BC6}"
EndProject
Project("{FAE04EC0-301F-11D3-BF4B-00C04F79EFBC}") = "LeaveManagementSystem.Application", "LeaveManagementSystem.Application\LeaveManagementSystem.Application.csproj", "{4F7A2F18-2262-4598-9452-E67FFD5D64F2}"
EndProject
Global
	GlobalSection(SolutionConfigurationPlatforms) = preSolution
		Debug|Any CPU = Debug|Any CPU
		Release|Any CPU = Release|Any CPU
	EndGlobalSection
	GlobalSection(ProjectConfigurationPlatforms) = postSolution
		{62C2418A-FD61-4F3F-8B51-1051658B6D7F}.Debug|Any CPU.ActiveCfg = Debug|Any CPU
		{62C2418A-FD61-4F3F-8B51-1051658B6D7F}.Debug|Any CPU.Build.0 = Debug|Any CPU
		{62C2418A-FD61-4F3F-8B51-1051658B6D7F}.Release|Any CPU.ActiveCfg = Release|Any CPU
		{62C2418A-FD61-4F3F-8B51-1051658B6D7F}.Release|Any CPU.Build.0 = Release|Any CPU
		{67292825-F3CF-4198-8163-AC9A7218104E}.Debug|Any CPU.ActiveCfg = Debug|Any CPU
		{67292825-F3CF-4198-8163-AC9A7218104E}.Debug|Any CPU.Build.0 = Debug|Any CPU
		{67292825-F3CF-4198-8163-AC9A7218104E}.Release|Any CPU.ActiveCfg = Release|Any CPU
		{67292825-F3CF-4198-8163-AC9A7218104E}.Release|Any CPU.Build.0 = Release|Any CPU
		{174F9B66-A9D4-4533-A159-4D8AF5D50BC6}.Debug|Any CPU.ActiveCfg = Debug|Any CPU
		{174F9B66-A9D4-4533-A159-4D8AF5D50BC6}.Debug|Any CPU.Build.0 = Debug|Any CPU
		{174F9B66-A9D4-4533-A159-4D8AF5D50BC6}.Release|Any CPU.ActiveCfg = Release|Any CPU
		{174F9B66-A9D4-4533-A159-4D8AF5D50BC6}.Release|Any CPU.Build.0 = Release|Any CPU
		{4F7A2F18-2262-4598-9452-E67FFD5D64F2}.Debug|Any CPU.ActiveCfg = Debug|Any CPU
		{4F7A2F18-2262-4598-9452-E67FFD5D64F2}.Debug|Any CPU.Build.0 = Debug|Any CPU
		{4F7A2F18-2262-4598-9452-E67FFD5D64F2}.Release|Any CPU.ActiveCfg = Release|Any CPU
		{4F7A2F18-2262-4598-9452-E67FFD5D64F2}.Release|Any CPU.Build.0 = Release|Any CPU
	EndGlobalSection
	GlobalSection(SolutionProperties) = preSolution
		HideSolutionNode = FALSE
	EndGlobalSection
	GlobalSection(ExtensibilityGlobals) = postSolution
		SolutionGuid = {3F9E1AE0-B52E-4841-AD8D-BA2B1046E8E1}
	EndGlobalSection
EndGlobal
